
Microsoft Visual Studio Solution File, Format Version 12.00
# Visual Studio Version 16
VisualStudioVersion = 16.0.32106.194
MinimumVisualStudioVersion = 10.0.40219.1
Project("{8BC9CEB8-8B4A-11D0-8D11-00A0C91BC942}") = "TitleBar", "TitleBar.vcxproj", "{A9FD8635-B824-4BEF-955D-FAAA753679FA}"
EndProject
Global
	GlobalSection(SolutionConfigurationPlatforms) = preSolution
		Debug|x64 = Debug|x64
		Debug|x86 = Debug|x86
		Release|x64 = Release|x64
		Release|x86 = Release|x86
	EndGlobalSection
	GlobalSection(ProjectConfigurationPlatforms) = postSolution
		{A9FD8635-B824-4BEF-955D-FAAA753679FA}.Debug|x64.ActiveCfg = Debug|x64
		{A9FD8635-B824-4BEF-955D-FAAA753679FA}.Debug|x64.Build.0 = Debug|x64
		{A9FD8635-B824-4BEF-955D-FAAA753679FA}.Debug|x86.ActiveCfg = Debug|Win32
		{A9FD8635-B824-4BEF-955D-FAAA753679FA}.Debug|x86.Build.0 = Debug|Win32
		{A9FD8635-B824-4BEF-955D-FAAA753679FA}.Release|x64.ActiveCfg = Release|x64
		{A9FD8635-B824-4BEF-955D-FAAA753679FA}.Release|x64.Build.0 = Release|x64
		{A9FD8635-B824-4BEF-955D-FAAA753679FA}.Release|x86.ActiveCfg = Release|Win32
		{A9FD8635-B824-4BEF-955D-FAAA753679FA}.Release|x86.Build.0 = Release|Win32
	EndGlobalSection
	GlobalSection(SolutionProperties) = preSolution
		HideSolutionNode = FALSE
	EndGlobalSection
	GlobalSection(ExtensibilityGlobals) = postSolution
		SolutionGuid = {123DFD80-AD5E-4017-9B0C-47FC0D8FFFF4}
	EndGlobalSection
EndGlobal
